
Microsoft Visual Studio Solution File, Format Version 12.00
# Visual Studio Version 17
VisualStudioVersion = 17.10.35027.167
MinimumVisualStudioVersion = 10.0.40219.1
Project("{9A19103F-16F7-4668-BE54-9A1E7A4F7556}") = "CryptoPortfolio.Service", "CryptoPortfolio.Service\CryptoPortfolio.Service.csproj", "{7CF3FD5A-FF25-431D-A7B0-B2916239777B}"
EndProject
Project("{9A19103F-16F7-4668-BE54-9A1E7A4F7556}") = "CryptoPortfolio.Domain", "CryptoPortfolio.Domain\CryptoPortfolio.Domain.csproj", "{E3362D7E-2CF5-4642-B709-19F21423CB03}"
EndProject
Project("{9A19103F-16F7-4668-BE54-9A1E7A4F7556}") = "CoinLoreMiddleware.WebApi", "CoinLoreMiddleware.WebApi\CoinLoreMiddleware.WebApi.csproj", "{BAE31E1F-260A-42E7-A834-6FC0876922FC}"
EndProject
Project("{9A19103F-16F7-4668-BE54-9A1E7A4F7556}") = "CoinLoreMiddleware.Services", "CoinLoreMiddleware.Services\CoinLoreMiddleware.Services.csproj", "{D1546416-EE52-42BF-A8D6-FCE42F125730}"
EndProject
Project("{9A19103F-16F7-4668-BE54-9A1E7A4F7556}") = "CryptoPortfolioCalculator.Web", "CryptoPortfolioCalculator.Web\CryptoPortfolioCalculator.Web.csproj", "{2C54D94E-D5AD-4614-8B2B-6492465DD59F}"
EndProject
Global
	GlobalSection(SolutionConfigurationPlatforms) = preSolution
		Debug|Any CPU = Debug|Any CPU
		Release|Any CPU = Release|Any CPU
	EndGlobalSection
	GlobalSection(ProjectConfigurationPlatforms) = postSolution
		{7CF3FD5A-FF25-431D-A7B0-B2916239777B}.Debug|Any CPU.ActiveCfg = Debug|Any CPU
		{7CF3FD5A-FF25-431D-A7B0-B2916239777B}.Debug|Any CPU.Build.0 = Debug|Any CPU
		{7CF3FD5A-FF25-431D-A7B0-B2916239777B}.Release|Any CPU.ActiveCfg = Release|Any CPU
		{7CF3FD5A-FF25-431D-A7B0-B2916239777B}.Release|Any CPU.Build.0 = Release|Any CPU
		{E3362D7E-2CF5-4642-B709-19F21423CB03}.Debug|Any CPU.ActiveCfg = Debug|Any CPU
		{E3362D7E-2CF5-4642-B709-19F21423CB03}.Debug|Any CPU.Build.0 = Debug|Any CPU
		{E3362D7E-2CF5-4642-B709-19F21423CB03}.Release|Any CPU.ActiveCfg = Release|Any CPU
		{E3362D7E-2CF5-4642-B709-19F21423CB03}.Release|Any CPU.Build.0 = Release|Any CPU
		{BAE31E1F-260A-42E7-A834-6FC0876922FC}.Debug|Any CPU.ActiveCfg = Debug|Any CPU
		{BAE31E1F-260A-42E7-A834-6FC0876922FC}.Debug|Any CPU.Build.0 = Debug|Any CPU
		{BAE31E1F-260A-42E7-A834-6FC0876922FC}.Release|Any CPU.ActiveCfg = Release|Any CPU
		{BAE31E1F-260A-42E7-A834-6FC0876922FC}.Release|Any CPU.Build.0 = Release|Any CPU
		{D1546416-EE52-42BF-A8D6-FCE42F125730}.Debug|Any CPU.ActiveCfg = Debug|Any CPU
		{D1546416-EE52-42BF-A8D6-FCE42F125730}.Debug|Any CPU.Build.0 = Debug|Any CPU
		{D1546416-EE52-42BF-A8D6-FCE42F125730}.Release|Any CPU.ActiveCfg = Release|Any CPU
		{D1546416-EE52-42BF-A8D6-FCE42F125730}.Release|Any CPU.Build.0 = Release|Any CPU
		{2C54D94E-D5AD-4614-8B2B-6492465DD59F}.Debug|Any CPU.ActiveCfg = Debug|Any CPU
		{2C54D94E-D5AD-4614-8B2B-6492465DD59F}.Debug|Any CPU.Build.0 = Debug|Any CPU
		{2C54D94E-D5AD-4614-8B2B-6492465DD59F}.Release|Any CPU.ActiveCfg = Release|Any CPU
		{2C54D94E-D5AD-4614-8B2B-6492465DD59F}.Release|Any CPU.Build.0 = Release|Any CPU
	EndGlobalSection
	GlobalSection(SolutionProperties) = preSolution
		HideSolutionNode = FALSE
	EndGlobalSection
	GlobalSection(ExtensibilityGlobals) = postSolution
		SolutionGuid = {5C3336C7-AB60-4627-92BE-3017A8665451}
	EndGlobalSection
EndGlobal
